
Microsoft Visual Studio Solution File, Format Version 12.00
Project("{FAE04EC0-301F-11D3-BF4B-00C04F79EFBC}") = "Dr1", "Dr1\Dr1.csproj", "{985A6F6D-6992-46E4-BA44-30A436416974}"
EndProject
Global
	GlobalSection(SolutionConfigurationPlatforms) = preSolution
		Debug|Any CPU = Debug|Any CPU
		Release|Any CPU = Release|Any CPU
	EndGlobalSection
	GlobalSection(ProjectConfigurationPlatforms) = postSolution
		{985A6F6D-6992-46E4-BA44-30A436416974}.Debug|Any CPU.ActiveCfg = Debug|Any CPU
		{985A6F6D-6992-46E4-BA44-30A436416974}.Debug|Any CPU.Build.0 = Debug|Any CPU
		{985A6F6D-6992-46E4-BA44-30A436416974}.Release|Any CPU.ActiveCfg = Release|Any CPU
		{985A6F6D-6992-46E4-BA44-30A436416974}.Release|Any CPU.Build.0 = Release|Any CPU
	EndGlobalSection
EndGlobal
