
Microsoft Visual Studio Solution File, Format Version 12.00
Project("{FAE04EC0-301F-11D3-BF4B-00C04F79EFBC}") = "Project.Tests", "Project.Tests\Project.Tests.csproj", "{5117A14C-4601-4F90-8ABB-2E2779C70BFC}"
EndProject
Global
	GlobalSection(SolutionConfigurationPlatforms) = preSolution
		Debug|Any CPU = Debug|Any CPU
		Release|Any CPU = Release|Any CPU
	EndGlobalSection
	GlobalSection(ProjectConfigurationPlatforms) = postSolution
		{5117A14C-4601-4F90-8ABB-2E2779C70BFC}.Debug|Any CPU.ActiveCfg = Debug|Any CPU
		{5117A14C-4601-4F90-8ABB-2E2779C70BFC}.Debug|Any CPU.Build.0 = Debug|Any CPU
		{5117A14C-4601-4F90-8ABB-2E2779C70BFC}.Release|Any CPU.ActiveCfg = Release|Any CPU
		{5117A14C-4601-4F90-8ABB-2E2779C70BFC}.Release|Any CPU.Build.0 = Release|Any CPU
	EndGlobalSection
EndGlobal
